
Microsoft Visual Studio Solution File, Format Version 12.00
# Visual Studio Version 16
VisualStudioVersion = 16.0.30413.136
MinimumVisualStudioVersion = 10.0.40219.1
Project("{9A19103F-16F7-4668-BE54-9A1E7A4F7556}") = "Ejercicio1_Suma", "Ejercicio1_Suma\Ejercicio1_Suma.csproj", "{14467AFE-1679-4BE3-A3AB-5F3556ACAC18}"
EndProject
Project("{9A19103F-16F7-4668-BE54-9A1E7A4F7556}") = "Ejercicio2_Estados", "Ejercicio2_Estados\Ejercicio2_Estados.csproj", "{F759581B-A43B-43C5-8DD5-2612E095A07D}"
EndProject
Project("{9A19103F-16F7-4668-BE54-9A1E7A4F7556}") = "Ejercicio3_Villancicos", "Ejercicio3_Villancicos\Ejercicio3_Villancicos.csproj", "{617FD685-EF00-4F21-BB80-0F73107647C1}"
EndProject
Project("{9A19103F-16F7-4668-BE54-9A1E7A4F7556}") = "Ejercicio4_Pixar", "Ejercicio4_Pixar\Ejercicio4_Pixar.csproj", "{E0491B0D-0FD5-4438-AFD1-FBA72408D8AA}"
EndProject
Project("{FAE04EC0-301F-11D3-BF4B-00C04F79EFBC}") = "Ejercicio5_Animales", "Ejercicio5_Animales\Ejercicio5_Animales.csproj", "{9EC98DEB-88C7-476A-B2E6-5B7A2DD57FE8}"
EndProject
Global
	GlobalSection(SolutionConfigurationPlatforms) = preSolution
		Debug|Any CPU = Debug|Any CPU
		Release|Any CPU = Release|Any CPU
	EndGlobalSection
	GlobalSection(ProjectConfigurationPlatforms) = postSolution
		{14467AFE-1679-4BE3-A3AB-5F3556ACAC18}.Debug|Any CPU.ActiveCfg = Debug|Any CPU
		{14467AFE-1679-4BE3-A3AB-5F3556ACAC18}.Debug|Any CPU.Build.0 = Debug|Any CPU
		{14467AFE-1679-4BE3-A3AB-5F3556ACAC18}.Release|Any CPU.ActiveCfg = Release|Any CPU
		{14467AFE-1679-4BE3-A3AB-5F3556ACAC18}.Release|Any CPU.Build.0 = Release|Any CPU
		{F759581B-A43B-43C5-8DD5-2612E095A07D}.Debug|Any CPU.ActiveCfg = Debug|Any CPU
		{F759581B-A43B-43C5-8DD5-2612E095A07D}.Debug|Any CPU.Build.0 = Debug|Any CPU
		{F759581B-A43B-43C5-8DD5-2612E095A07D}.Release|Any CPU.ActiveCfg = Release|Any CPU
		{F759581B-A43B-43C5-8DD5-2612E095A07D}.Release|Any CPU.Build.0 = Release|Any CPU
		{617FD685-EF00-4F21-BB80-0F73107647C1}.Debug|Any CPU.ActiveCfg = Debug|Any CPU
		{617FD685-EF00-4F21-BB80-0F73107647C1}.Debug|Any CPU.Build.0 = Debug|Any CPU
		{617FD685-EF00-4F21-BB80-0F73107647C1}.Release|Any CPU.ActiveCfg = Release|Any CPU
		{617FD685-EF00-4F21-BB80-0F73107647C1}.Release|Any CPU.Build.0 = Release|Any CPU
		{E0491B0D-0FD5-4438-AFD1-FBA72408D8AA}.Debug|Any CPU.ActiveCfg = Debug|Any CPU
		{E0491B0D-0FD5-4438-AFD1-FBA72408D8AA}.Debug|Any CPU.Build.0 = Debug|Any CPU
		{E0491B0D-0FD5-4438-AFD1-FBA72408D8AA}.Release|Any CPU.ActiveCfg = Release|Any CPU
		{E0491B0D-0FD5-4438-AFD1-FBA72408D8AA}.Release|Any CPU.Build.0 = Release|Any CPU
		{9EC98DEB-88C7-476A-B2E6-5B7A2DD57FE8}.Debug|Any CPU.ActiveCfg = Debug|Any CPU
		{9EC98DEB-88C7-476A-B2E6-5B7A2DD57FE8}.Debug|Any CPU.Build.0 = Debug|Any CPU
		{9EC98DEB-88C7-476A-B2E6-5B7A2DD57FE8}.Release|Any CPU.ActiveCfg = Release|Any CPU
		{9EC98DEB-88C7-476A-B2E6-5B7A2DD57FE8}.Release|Any CPU.Build.0 = Release|Any CPU
	EndGlobalSection
	GlobalSection(SolutionProperties) = preSolution
		HideSolutionNode = FALSE
	EndGlobalSection
	GlobalSection(ExtensibilityGlobals) = postSolution
		SolutionGuid = {D6C6F817-7190-48B7-89EA-EC49B7240FA9}
	EndGlobalSection
EndGlobal
